// !$*UTF8*$!
{
	archiveVersion = 1;
	classes = {
	};
	objectVersion = 60;
	objects = {

/* Begin PBXBuildFile section */
		EE13FB552B5A6721005D8A84 /* CoreDomain in Frameworks */ = {isa = PBXBuildFile; productRef = EE13FB542B5A6721005D8A84 /* CoreDomain */; };
		EE13FB572B5A6721005D8A84 /* MoviesDomain in Frameworks */ = {isa = PBXBuildFile; productRef = EE13FB562B5A6721005D8A84 /* MoviesDomain */; };
		EE13FB5A2B5A672D005D8A84 /* ConfigData in Frameworks */ = {isa = PBXBuildFile; productRef = EE13FB592B5A672D005D8A84 /* ConfigData */; };
		EE13FB5C2B5A672D005D8A84 /* MoviesData in Frameworks */ = {isa = PBXBuildFile; productRef = EE13FB5B2B5A672D005D8A84 /* MoviesData */; };
		EE13FB5F2B5A677B005D8A84 /* DesignSystem in Frameworks */ = {isa = PBXBuildFile; productRef = EE13FB5E2B5A677B005D8A84 /* DesignSystem */; };
		EE13FB742B5AC5B6005D8A84 /* SearchView.swift in Sources */ = {isa = PBXBuildFile; fileRef = EE13FB732B5AC5B6005D8A84 /* SearchView.swift */; };
		EE13FB762B5AC5D5005D8A84 /* WishListView.swift in Sources */ = {isa = PBXBuildFile; fileRef = EE13FB752B5AC5D5005D8A84 /* WishListView.swift */; };
		EE13FB782B5AC601005D8A84 /* TabBarItems.swift in Sources */ = {isa = PBXBuildFile; fileRef = EE13FB772B5AC601005D8A84 /* TabBarItems.swift */; };
		EE13FB7C2B5AC718005D8A84 /* AppConfig.swift in Sources */ = {isa = PBXBuildFile; fileRef = EE13FB7B2B5AC718005D8A84 /* AppConfig.swift */; };
		EE13FB7E2B5AC788005D8A84 /* APIConfig.swift in Sources */ = {isa = PBXBuildFile; fileRef = EE13FB7D2B5AC788005D8A84 /* APIConfig.swift */; };
		EE13FB802B5AC971005D8A84 /* AuthManager.swift in Sources */ = {isa = PBXBuildFile; fileRef = EE13FB7F2B5AC971005D8A84 /* AuthManager.swift */; };
		EE13FB822B5ACA08005D8A84 /* DataConfigurator.swift in Sources */ = {isa = PBXBuildFile; fileRef = EE13FB812B5ACA08005D8A84 /* DataConfigurator.swift */; };
		EE13FB842B5ACA29005D8A84 /* DIContainer.swift in Sources */ = {isa = PBXBuildFile; fileRef = EE13FB832B5ACA29005D8A84 /* DIContainer.swift */; };
		EE13FB862B5ACA66005D8A84 /* DIContainer+Networking.swift in Sources */ = {isa = PBXBuildFile; fileRef = EE13FB852B5ACA66005D8A84 /* DIContainer+Networking.swift */; };
		EE13FB882B5ACB39005D8A84 /* LoggerManager.swift in Sources */ = {isa = PBXBuildFile; fileRef = EE13FB872B5ACB39005D8A84 /* LoggerManager.swift */; };
		EE13FB8A2B5ACBF4005D8A84 /* DesignSystemConfigurator.swift in Sources */ = {isa = PBXBuildFile; fileRef = EE13FB892B5ACBF4005D8A84 /* DesignSystemConfigurator.swift */; };
		EE13FB8C2B5ACE2D005D8A84 /* DIContainer+MoviesUseCase.swift in Sources */ = {isa = PBXBuildFile; fileRef = EE13FB8B2B5ACE2D005D8A84 /* DIContainer+MoviesUseCase.swift */; };
		EE13FB8E2B5AD2BE005D8A84 /* BannerView.swift in Sources */ = {isa = PBXBuildFile; fileRef = EE13FB8D2B5AD2BE005D8A84 /* BannerView.swift */; };
		EE13FB902B5AD751005D8A84 /* HomeSectionView.swift in Sources */ = {isa = PBXBuildFile; fileRef = EE13FB8F2B5AD751005D8A84 /* HomeSectionView.swift */; };
		EE13FB932B5AE23A005D8A84 /* HighlightsMoviesView.swift in Sources */ = {isa = PBXBuildFile; fileRef = EE13FB922B5AE23A005D8A84 /* HighlightsMoviesView.swift */; };
		EE13FB962B5BC076005D8A84 /* Stinsen in Frameworks */ = {isa = PBXBuildFile; productRef = EE13FB952B5BC076005D8A84 /* Stinsen */; };
		EE13FB9A2B5BC0AD005D8A84 /* MainCoordinator.swift in Sources */ = {isa = PBXBuildFile; fileRef = EE13FB992B5BC0AD005D8A84 /* MainCoordinator.swift */; };
		EE13FB9D2B5BC0F1005D8A84 /* MainTabCoordinator.swift in Sources */ = {isa = PBXBuildFile; fileRef = EE13FB9C2B5BC0F1005D8A84 /* MainTabCoordinator.swift */; };
		EE13FB9F2B5BC105005D8A84 /* MainCoordinator+Factory.swift in Sources */ = {isa = PBXBuildFile; fileRef = EE13FB9E2B5BC105005D8A84 /* MainCoordinator+Factory.swift */; };
		EE13FBA12B5BC3EC005D8A84 /* HomeCoordinator.swift in Sources */ = {isa = PBXBuildFile; fileRef = EE13FBA02B5BC3EC005D8A84 /* HomeCoordinator.swift */; };
		EE13FBA72B5BC43C005D8A84 /* SearchCoordinator.swift in Sources */ = {isa = PBXBuildFile; fileRef = EE13FBA62B5BC43C005D8A84 /* SearchCoordinator.swift */; };
		EE13FBAB2B5BC47B005D8A84 /* WishlistCoordinator.swift in Sources */ = {isa = PBXBuildFile; fileRef = EE13FBAA2B5BC47B005D8A84 /* WishlistCoordinator.swift */; };
		EE13FBAD2B5BC76B005D8A84 /* HomeViewModel.swift in Sources */ = {isa = PBXBuildFile; fileRef = EE13FBAC2B5BC76B005D8A84 /* HomeViewModel.swift */; };
		EE13FBAF2B5BC7C6005D8A84 /* HomeSectionsModel.swift in Sources */ = {isa = PBXBuildFile; fileRef = EE13FBAE2B5BC7C6005D8A84 /* HomeSectionsModel.swift */; };
		EE13FBB22B5BC87D005D8A84 /* MovieCategory.swift in Sources */ = {isa = PBXBuildFile; fileRef = EE13FBB12B5BC87D005D8A84 /* MovieCategory.swift */; };
		EE13FBB42B5BC8AE005D8A84 /* HomeSectionViewModel.swift in Sources */ = {isa = PBXBuildFile; fileRef = EE13FBB32B5BC8AE005D8A84 /* HomeSectionViewModel.swift */; };
		EE13FBB62B5BC9C3005D8A84 /* HighlightsMovie.swift in Sources */ = {isa = PBXBuildFile; fileRef = EE13FBB52B5BC9C3005D8A84 /* HighlightsMovie.swift */; };
		EE13FBB82B5BCA4A005D8A84 /* BannerModel.swift in Sources */ = {isa = PBXBuildFile; fileRef = EE13FBB72B5BCA4A005D8A84 /* BannerModel.swift */; };
		EE13FBC02B5BCCEE005D8A84 /* PublishedObject.swift in Sources */ = {isa = PBXBuildFile; fileRef = EE13FBBB2B5BCCEE005D8A84 /* PublishedObject.swift */; };
		EE13FBC12B5BCCEE005D8A84 /* LoadingState.swift in Sources */ = {isa = PBXBuildFile; fileRef = EE13FBBC2B5BCCEE005D8A84 /* LoadingState.swift */; };
		EE13FBC32B5BCCEE005D8A84 /* LoadableObject.swift in Sources */ = {isa = PBXBuildFile; fileRef = EE13FBBE2B5BCCEE005D8A84 /* LoadableObject.swift */; };
		EE13FBC42B5BCCEE005D8A84 /* ContentView.swift in Sources */ = {isa = PBXBuildFile; fileRef = EE13FBBF2B5BCCEE005D8A84 /* ContentView.swift */; };
		EE13FBC62B5BD1C0005D8A84 /* HomeViewModel+Movies.swift in Sources */ = {isa = PBXBuildFile; fileRef = EE13FBC52B5BD1C0005D8A84 /* HomeViewModel+Movies.swift */; };
		EE13FBC92B5BDBFA005D8A84 /* MoviePosterURLBuilder.swift in Sources */ = {isa = PBXBuildFile; fileRef = EE13FBC82B5BDBFA005D8A84 /* MoviePosterURLBuilder.swift */; };
		EE13FBCB2B5BF22E005D8A84 /* DIContainer+BannerUseCase.swift in Sources */ = {isa = PBXBuildFile; fileRef = EE13FBCA2B5BF22E005D8A84 /* DIContainer+BannerUseCase.swift */; };
		EE1F843B2B5C12950022B48B /* MovieDetailsView.swift in Sources */ = {isa = PBXBuildFile; fileRef = EE1F843A2B5C12950022B48B /* MovieDetailsView.swift */; };
		EE1F843E2B5C12C80022B48B /* MovieDetailsViewModel.swift in Sources */ = {isa = PBXBuildFile; fileRef = EE1F843D2B5C12C80022B48B /* MovieDetailsViewModel.swift */; };
		EE1F84412B5C71B10022B48B /* MovieDetailsModel.swift in Sources */ = {isa = PBXBuildFile; fileRef = EE1F84402B5C71B10022B48B /* MovieDetailsModel.swift */; };
		EE1F84432B5C72E30022B48B /* MovieDetailsViewModel+UseCaseExec.swift in Sources */ = {isa = PBXBuildFile; fileRef = EE1F84422B5C72E30022B48B /* MovieDetailsViewModel+UseCaseExec.swift */; };
		EE1F84452B5C732A0022B48B /* MovieDetailsCoordinator.swift in Sources */ = {isa = PBXBuildFile; fileRef = EE1F84442B5C732A0022B48B /* MovieDetailsCoordinator.swift */; };
		EE21EDB52B5DAC71008F64F6 /* OpenURL.swift in Sources */ = {isa = PBXBuildFile; fileRef = EE21EDB42B5DAC71008F64F6 /* OpenURL.swift */; };
		EE21EDB72B5E6B29008F64F6 /* UIInitializer.swift in Sources */ = {isa = PBXBuildFile; fileRef = EE21EDB62B5E6B29008F64F6 /* UIInitializer.swift */; };
		EEB87AAB2B5977C800660603 /* iMoviesApp.swift in Sources */ = {isa = PBXBuildFile; fileRef = EEB87AAA2B5977C800660603 /* iMoviesApp.swift */; };
		EEB87AAD2B5977C800660603 /* HomeView.swift in Sources */ = {isa = PBXBuildFile; fileRef = EEB87AAC2B5977C800660603 /* HomeView.swift */; };
		EEB87AB12B5977CA00660603 /* Assets.xcassets in Resources */ = {isa = PBXBuildFile; fileRef = EEB87AB02B5977CA00660603 /* Assets.xcassets */; };
		EEB87AB42B5977CA00660603 /* Preview Assets.xcassets in Resources */ = {isa = PBXBuildFile; fileRef = EEB87AB32B5977CA00660603 /* Preview Assets.xcassets */; };
		EEB87ABE2B5977CA00660603 /* iMoviesTests.swift in Sources */ = {isa = PBXBuildFile; fileRef = EEB87ABD2B5977CA00660603 /* iMoviesTests.swift */; };
		EEB87AC82B5977CA00660603 /* iMoviesUITests.swift in Sources */ = {isa = PBXBuildFile; fileRef = EEB87AC72B5977CA00660603 /* iMoviesUITests.swift */; };
		EEB87ACA2B5977CA00660603 /* iMoviesUITestsLaunchTests.swift in Sources */ = {isa = PBXBuildFile; fileRef = EEB87AC92B5977CA00660603 /* iMoviesUITestsLaunchTests.swift */; };
		EEB87AD92B59930500660603 /* Core in Frameworks */ = {isa = PBXBuildFile; productRef = EEB87AD82B59930500660603 /* Core */; };
		EEB87ADB2B59930500660603 /* DataPersistence in Frameworks */ = {isa = PBXBuildFile; productRef = EEB87ADA2B59930500660603 /* DataPersistence */; };
		EEB87ADD2B59930500660603 /* Logger in Frameworks */ = {isa = PBXBuildFile; productRef = EEB87ADC2B59930500660603 /* Logger */; };
		EEB87ADF2B59930500660603 /* Networking in Frameworks */ = {isa = PBXBuildFile; productRef = EEB87ADE2B59930500660603 /* Networking */; };
		EEEEB3A32B5D03E500E9999B /* CategoryCoordinator.swift in Sources */ = {isa = PBXBuildFile; fileRef = EEEEB3A22B5D03E500E9999B /* CategoryCoordinator.swift */; };
		EEEEB3A52B5D03F000E9999B /* CategoryView.swift in Sources */ = {isa = PBXBuildFile; fileRef = EEEEB3A42B5D03F000E9999B /* CategoryView.swift */; };
		EEEEB3A72B5D046500E9999B /* CategoryViewModel.swift in Sources */ = {isa = PBXBuildFile; fileRef = EEEEB3A62B5D046500E9999B /* CategoryViewModel.swift */; };
		EEEEB3A92B5D060800E9999B /* MovieItemViewModel.swift in Sources */ = {isa = PBXBuildFile; fileRef = EEEEB3A82B5D060800E9999B /* MovieItemViewModel.swift */; };
		EEEEB3AD2B5D0A0900E9999B /* MovieGenres.swift in Sources */ = {isa = PBXBuildFile; fileRef = EEEEB3AC2B5D0A0900E9999B /* MovieGenres.swift */; };
		EEEEB3AF2B5D2D5100E9999B /* SearchViewModel.swift in Sources */ = {isa = PBXBuildFile; fileRef = EEEEB3AE2B5D2D5100E9999B /* SearchViewModel.swift */; };
		EEEEB3B12B5D418700E9999B /* DIContainer+WishlistUseCase.swift in Sources */ = {isa = PBXBuildFile; fileRef = EEEEB3B02B5D418700E9999B /* DIContainer+WishlistUseCase.swift */; };
		EEEEB3B32B5D452500E9999B /* HomeViewModel+Wishlist.swift in Sources */ = {isa = PBXBuildFile; fileRef = EEEEB3B22B5D452500E9999B /* HomeViewModel+Wishlist.swift */; };
		EEEEB3B52B5D493A00E9999B /* WishlistViewModel.swift in Sources */ = {isa = PBXBuildFile; fileRef = EEEEB3B42B5D493A00E9999B /* WishlistViewModel.swift */; };
/* End PBXBuildFile section */

/* Begin PBXContainerItemProxy section */
		EEB87ABA2B5977CA00660603 /* PBXContainerItemProxy */ = {
			isa = PBXContainerItemProxy;
			containerPortal = EEB87A9F2B5977C800660603 /* Project object */;
			proxyType = 1;
			remoteGlobalIDString = EEB87AA62B5977C800660603;
			remoteInfo = iMovies;
		};
		EEB87AC42B5977CA00660603 /* PBXContainerItemProxy */ = {
			isa = PBXContainerItemProxy;
			containerPortal = EEB87A9F2B5977C800660603 /* Project object */;
			proxyType = 1;
			remoteGlobalIDString = EEB87AA62B5977C800660603;
			remoteInfo = iMovies;
		};
/* End PBXContainerItemProxy section */

/* Begin PBXFileReference section */
		EE13FB732B5AC5B6005D8A84 /* SearchView.swift */ = {isa = PBXFileReference; lastKnownFileType = sourcecode.swift; path = SearchView.swift; sourceTree = "<group>"; };
		EE13FB752B5AC5D5005D8A84 /* WishListView.swift */ = {isa = PBXFileReference; lastKnownFileType = sourcecode.swift; path = WishListView.swift; sourceTree = "<group>"; };
		EE13FB772B5AC601005D8A84 /* TabBarItems.swift */ = {isa = PBXFileReference; lastKnownFileType = sourcecode.swift; path = TabBarItems.swift; sourceTree = "<group>"; };
		EE13FB7B2B5AC718005D8A84 /* AppConfig.swift */ = {isa = PBXFileReference; lastKnownFileType = sourcecode.swift; path = AppConfig.swift; sourceTree = "<group>"; };
		EE13FB7D2B5AC788005D8A84 /* APIConfig.swift */ = {isa = PBXFileReference; lastKnownFileType = sourcecode.swift; path = APIConfig.swift; sourceTree = "<group>"; };
		EE13FB7F2B5AC971005D8A84 /* AuthManager.swift */ = {isa = PBXFileReference; lastKnownFileType = sourcecode.swift; path = AuthManager.swift; sourceTree = "<group>"; };
		EE13FB812B5ACA08005D8A84 /* DataConfigurator.swift */ = {isa = PBXFileReference; lastKnownFileType = sourcecode.swift; path = DataConfigurator.swift; sourceTree = "<group>"; };
		EE13FB832B5ACA29005D8A84 /* DIContainer.swift */ = {isa = PBXFileReference; lastKnownFileType = sourcecode.swift; path = DIContainer.swift; sourceTree = "<group>"; };
		EE13FB852B5ACA66005D8A84 /* DIContainer+Networking.swift */ = {isa = PBXFileReference; lastKnownFileType = sourcecode.swift; path = "DIContainer+Networking.swift"; sourceTree = "<group>"; };
		EE13FB872B5ACB39005D8A84 /* LoggerManager.swift */ = {isa = PBXFileReference; lastKnownFileType = sourcecode.swift; path = LoggerManager.swift; sourceTree = "<group>"; };
		EE13FB892B5ACBF4005D8A84 /* DesignSystemConfigurator.swift */ = {isa = PBXFileReference; lastKnownFileType = sourcecode.swift; path = DesignSystemConfigurator.swift; sourceTree = "<group>"; };
		EE13FB8B2B5ACE2D005D8A84 /* DIContainer+MoviesUseCase.swift */ = {isa = PBXFileReference; lastKnownFileType = sourcecode.swift; path = "DIContainer+MoviesUseCase.swift"; sourceTree = "<group>"; };
		EE13FB8D2B5AD2BE005D8A84 /* BannerView.swift */ = {isa = PBXFileReference; lastKnownFileType = sourcecode.swift; path = BannerView.swift; sourceTree = "<group>"; };
		EE13FB8F2B5AD751005D8A84 /* HomeSectionView.swift */ = {isa = PBXFileReference; lastKnownFileType = sourcecode.swift; path = HomeSectionView.swift; sourceTree = "<group>"; };
		EE13FB922B5AE23A005D8A84 /* HighlightsMoviesView.swift */ = {isa = PBXFileReference; lastKnownFileType = sourcecode.swift; path = HighlightsMoviesView.swift; sourceTree = "<group>"; };
		EE13FB992B5BC0AD005D8A84 /* MainCoordinator.swift */ = {isa = PBXFileReference; lastKnownFileType = sourcecode.swift; path = MainCoordinator.swift; sourceTree = "<group>"; };
		EE13FB9C2B5BC0F1005D8A84 /* MainTabCoordinator.swift */ = {isa = PBXFileReference; lastKnownFileType = sourcecode.swift; path = MainTabCoordinator.swift; sourceTree = "<group>"; };
		EE13FB9E2B5BC105005D8A84 /* MainCoordinator+Factory.swift */ = {isa = PBXFileReference; lastKnownFileType = sourcecode.swift; path = "MainCoordinator+Factory.swift"; sourceTree = "<group>"; };
		EE13FBA02B5BC3EC005D8A84 /* HomeCoordinator.swift */ = {isa = PBXFileReference; lastKnownFileType = sourcecode.swift; path = HomeCoordinator.swift; sourceTree = "<group>"; };
		EE13FBA62B5BC43C005D8A84 /* SearchCoordinator.swift */ = {isa = PBXFileReference; lastKnownFileType = sourcecode.swift; path = SearchCoordinator.swift; sourceTree = "<group>"; };
		EE13FBAA2B5BC47B005D8A84 /* WishlistCoordinator.swift */ = {isa = PBXFileReference; lastKnownFileType = sourcecode.swift; path = WishlistCoordinator.swift; sourceTree = "<group>"; };
		EE13FBAC2B5BC76B005D8A84 /* HomeViewModel.swift */ = {isa = PBXFileReference; lastKnownFileType = sourcecode.swift; path = HomeViewModel.swift; sourceTree = "<group>"; };
		EE13FBAE2B5BC7C6005D8A84 /* HomeSectionsModel.swift */ = {isa = PBXFileReference; lastKnownFileType = sourcecode.swift; path = HomeSectionsModel.swift; sourceTree = "<group>"; };
		EE13FBB12B5BC87D005D8A84 /* MovieCategory.swift */ = {isa = PBXFileReference; lastKnownFileType = sourcecode.swift; path = MovieCategory.swift; sourceTree = "<group>"; };
		EE13FBB32B5BC8AE005D8A84 /* HomeSectionViewModel.swift */ = {isa = PBXFileReference; lastKnownFileType = sourcecode.swift; path = HomeSectionViewModel.swift; sourceTree = "<group>"; };
		EE13FBB52B5BC9C3005D8A84 /* HighlightsMovie.swift */ = {isa = PBXFileReference; lastKnownFileType = sourcecode.swift; path = HighlightsMovie.swift; sourceTree = "<group>"; };
		EE13FBB72B5BCA4A005D8A84 /* BannerModel.swift */ = {isa = PBXFileReference; lastKnownFileType = sourcecode.swift; path = BannerModel.swift; sourceTree = "<group>"; };
		EE13FBBB2B5BCCEE005D8A84 /* PublishedObject.swift */ = {isa = PBXFileReference; fileEncoding = 4; lastKnownFileType = sourcecode.swift; path = PublishedObject.swift; sourceTree = "<group>"; };
		EE13FBBC2B5BCCEE005D8A84 /* LoadingState.swift */ = {isa = PBXFileReference; fileEncoding = 4; lastKnownFileType = sourcecode.swift; path = LoadingState.swift; sourceTree = "<group>"; };
		EE13FBBE2B5BCCEE005D8A84 /* LoadableObject.swift */ = {isa = PBXFileReference; fileEncoding = 4; lastKnownFileType = sourcecode.swift; path = LoadableObject.swift; sourceTree = "<group>"; };
		EE13FBBF2B5BCCEE005D8A84 /* ContentView.swift */ = {isa = PBXFileReference; fileEncoding = 4; lastKnownFileType = sourcecode.swift; path = ContentView.swift; sourceTree = "<group>"; };
		EE13FBC52B5BD1C0005D8A84 /* HomeViewModel+Movies.swift */ = {isa = PBXFileReference; lastKnownFileType = sourcecode.swift; path = "HomeViewModel+Movies.swift"; sourceTree = "<group>"; };
		EE13FBC82B5BDBFA005D8A84 /* MoviePosterURLBuilder.swift */ = {isa = PBXFileReference; lastKnownFileType = sourcecode.swift; path = MoviePosterURLBuilder.swift; sourceTree = "<group>"; };
		EE13FBCA2B5BF22E005D8A84 /* DIContainer+BannerUseCase.swift */ = {isa = PBXFileReference; lastKnownFileType = sourcecode.swift; path = "DIContainer+BannerUseCase.swift"; sourceTree = "<group>"; };
		EE1F843A2B5C12950022B48B /* MovieDetailsView.swift */ = {isa = PBXFileReference; lastKnownFileType = sourcecode.swift; path = MovieDetailsView.swift; sourceTree = "<group>"; };
		EE1F843D2B5C12C80022B48B /* MovieDetailsViewModel.swift */ = {isa = PBXFileReference; lastKnownFileType = sourcecode.swift; path = MovieDetailsViewModel.swift; sourceTree = "<group>"; };
		EE1F84402B5C71B10022B48B /* MovieDetailsModel.swift */ = {isa = PBXFileReference; lastKnownFileType = sourcecode.swift; path = MovieDetailsModel.swift; sourceTree = "<group>"; };
		EE1F84422B5C72E30022B48B /* MovieDetailsViewModel+UseCaseExec.swift */ = {isa = PBXFileReference; lastKnownFileType = sourcecode.swift; path = "MovieDetailsViewModel+UseCaseExec.swift"; sourceTree = "<group>"; };
		EE1F84442B5C732A0022B48B /* MovieDetailsCoordinator.swift */ = {isa = PBXFileReference; lastKnownFileType = sourcecode.swift; path = MovieDetailsCoordinator.swift; sourceTree = "<group>"; };
		EE21EDB42B5DAC71008F64F6 /* OpenURL.swift */ = {isa = PBXFileReference; lastKnownFileType = sourcecode.swift; path = OpenURL.swift; sourceTree = "<group>"; };
		EE21EDB62B5E6B29008F64F6 /* UIInitializer.swift */ = {isa = PBXFileReference; lastKnownFileType = sourcecode.swift; path = UIInitializer.swift; sourceTree = "<group>"; };
		EEB87AA72B5977C800660603 /* iMovies.app */ = {isa = PBXFileReference; explicitFileType = wrapper.application; includeInIndex = 0; path = iMovies.app; sourceTree = BUILT_PRODUCTS_DIR; };
		EEB87AAA2B5977C800660603 /* iMoviesApp.swift */ = {isa = PBXFileReference; lastKnownFileType = sourcecode.swift; path = iMoviesApp.swift; sourceTree = "<group>"; };
		EEB87AAC2B5977C800660603 /* HomeView.swift */ = {isa = PBXFileReference; lastKnownFileType = sourcecode.swift; path = HomeView.swift; sourceTree = "<group>"; };
		EEB87AB02B5977CA00660603 /* Assets.xcassets */ = {isa = PBXFileReference; lastKnownFileType = folder.assetcatalog; path = Assets.xcassets; sourceTree = "<group>"; };
		EEB87AB32B5977CA00660603 /* Preview Assets.xcassets */ = {isa = PBXFileReference; lastKnownFileType = folder.assetcatalog; path = "Preview Assets.xcassets"; sourceTree = "<group>"; };
		EEB87AB92B5977CA00660603 /* iMoviesTests.xctest */ = {isa = PBXFileReference; explicitFileType = wrapper.cfbundle; includeInIndex = 0; path = iMoviesTests.xctest; sourceTree = BUILT_PRODUCTS_DIR; };
		EEB87ABD2B5977CA00660603 /* iMoviesTests.swift */ = {isa = PBXFileReference; lastKnownFileType = sourcecode.swift; path = iMoviesTests.swift; sourceTree = "<group>"; };
		EEB87AC32B5977CA00660603 /* iMoviesUITests.xctest */ = {isa = PBXFileReference; explicitFileType = wrapper.cfbundle; includeInIndex = 0; path = iMoviesUITests.xctest; sourceTree = BUILT_PRODUCTS_DIR; };
		EEB87AC72B5977CA00660603 /* iMoviesUITests.swift */ = {isa = PBXFileReference; lastKnownFileType = sourcecode.swift; path = iMoviesUITests.swift; sourceTree = "<group>"; };
		EEB87AC92B5977CA00660603 /* iMoviesUITestsLaunchTests.swift */ = {isa = PBXFileReference; lastKnownFileType = sourcecode.swift; path = iMoviesUITestsLaunchTests.swift; sourceTree = "<group>"; };
		EEEEB3A22B5D03E500E9999B /* CategoryCoordinator.swift */ = {isa = PBXFileReference; lastKnownFileType = sourcecode.swift; path = CategoryCoordinator.swift; sourceTree = "<group>"; };
		EEEEB3A42B5D03F000E9999B /* CategoryView.swift */ = {isa = PBXFileReference; lastKnownFileType = sourcecode.swift; path = CategoryView.swift; sourceTree = "<group>"; };
		EEEEB3A62B5D046500E9999B /* CategoryViewModel.swift */ = {isa = PBXFileReference; lastKnownFileType = sourcecode.swift; path = CategoryViewModel.swift; sourceTree = "<group>"; };
		EEEEB3A82B5D060800E9999B /* MovieItemViewModel.swift */ = {isa = PBXFileReference; lastKnownFileType = sourcecode.swift; path = MovieItemViewModel.swift; sourceTree = "<group>"; };
		EEEEB3AC2B5D0A0900E9999B /* MovieGenres.swift */ = {isa = PBXFileReference; lastKnownFileType = sourcecode.swift; path = MovieGenres.swift; sourceTree = "<group>"; };
		EEEEB3AE2B5D2D5100E9999B /* SearchViewModel.swift */ = {isa = PBXFileReference; lastKnownFileType = sourcecode.swift; path = SearchViewModel.swift; sourceTree = "<group>"; };
		EEEEB3B02B5D418700E9999B /* DIContainer+WishlistUseCase.swift */ = {isa = PBXFileReference; lastKnownFileType = sourcecode.swift; path = "DIContainer+WishlistUseCase.swift"; sourceTree = "<group>"; };
		EEEEB3B22B5D452500E9999B /* HomeViewModel+Wishlist.swift */ = {isa = PBXFileReference; lastKnownFileType = sourcecode.swift; path = "HomeViewModel+Wishlist.swift"; sourceTree = "<group>"; };
		EEEEB3B42B5D493A00E9999B /* WishlistViewModel.swift */ = {isa = PBXFileReference; lastKnownFileType = sourcecode.swift; path = WishlistViewModel.swift; sourceTree = "<group>"; };
/* End PBXFileReference section */

/* Begin PBXFrameworksBuildPhase section */
		EEB87AA42B5977C800660603 /* Frameworks */ = {
			isa = PBXFrameworksBuildPhase;
			buildActionMask = 2147483647;
			files = (
				EEB87ADD2B59930500660603 /* Logger in Frameworks */,
				EE13FB5A2B5A672D005D8A84 /* ConfigData in Frameworks */,
				EEB87ADB2B59930500660603 /* DataPersistence in Frameworks */,
				EE13FB5F2B5A677B005D8A84 /* DesignSystem in Frameworks */,
				EEB87ADF2B59930500660603 /* Networking in Frameworks */,
				EE13FB572B5A6721005D8A84 /* MoviesDomain in Frameworks */,
				EE13FB552B5A6721005D8A84 /* CoreDomain in Frameworks */,
				EEB87AD92B59930500660603 /* Core in Frameworks */,
				EE13FB5C2B5A672D005D8A84 /* MoviesData in Frameworks */,
				EE13FB962B5BC076005D8A84 /* Stinsen in Frameworks */,
			);
			runOnlyForDeploymentPostprocessing = 0;
		};
		EEB87AB62B5977CA00660603 /* Frameworks */ = {
			isa = PBXFrameworksBuildPhase;
			buildActionMask = 2147483647;
			files = (
			);
			runOnlyForDeploymentPostprocessing = 0;
		};
		EEB87AC02B5977CA00660603 /* Frameworks */ = {
			isa = PBXFrameworksBuildPhase;
			buildActionMask = 2147483647;
			files = (
			);
			runOnlyForDeploymentPostprocessing = 0;
		};
/* End PBXFrameworksBuildPhase section */

/* Begin PBXGroup section */
		EE13FB602B5AB50B005D8A84 /* App */ = {
			isa = PBXGroup;
			children = (
				EE13FBB92B5BCCD9005D8A84 /* Utilities */,
				EE13FB6A2B5AB57D005D8A84 /* Configs */,
				EE13FB692B5AB574005D8A84 /* Managers */,
				EE13FB632B5AB537005D8A84 /* DependencyInjection  */,
				EE13FB622B5AB52F005D8A84 /* AppDelegate */,
				EE13FB612B5AB527005D8A84 /* Assets */,
				EE13FB6B2B5AB585005D8A84 /* Scenes */,
			);
			path = App;
			sourceTree = "<group>";
		};
		EE13FB612B5AB527005D8A84 /* Assets */ = {
			isa = PBXGroup;
			children = (
				EEB87AB02B5977CA00660603 /* Assets.xcassets */,
			);
			path = Assets;
			sourceTree = "<group>";
		};
		EE13FB622B5AB52F005D8A84 /* AppDelegate */ = {
			isa = PBXGroup;
			children = (
				EEB87AAA2B5977C800660603 /* iMoviesApp.swift */,
			);
			path = AppDelegate;
			sourceTree = "<group>";
		};
		EE13FB632B5AB537005D8A84 /* DependencyInjection  */ = {
			isa = PBXGroup;
			children = (
				EE13FB652B5AB54C005D8A84 /* Networking */,
				EE13FB642B5AB543005D8A84 /* UseCases */,
				EE13FB832B5ACA29005D8A84 /* DIContainer.swift */,
			);
			path = "DependencyInjection ";
			sourceTree = "<group>";
		};
		EE13FB642B5AB543005D8A84 /* UseCases */ = {
			isa = PBXGroup;
			children = (
				EE13FB682B5AB561005D8A84 /* Banner */,
				EE13FB672B5AB55B005D8A84 /* WishList */,
				EE13FB662B5AB555005D8A84 /* Movies */,
			);
			path = UseCases;
			sourceTree = "<group>";
		};
		EE13FB652B5AB54C005D8A84 /* Networking */ = {
			isa = PBXGroup;
			children = (
				EE13FB852B5ACA66005D8A84 /* DIContainer+Networking.swift */,
			);
			path = Networking;
			sourceTree = "<group>";
		};
		EE13FB662B5AB555005D8A84 /* Movies */ = {
			isa = PBXGroup;
			children = (
				EE13FB8B2B5ACE2D005D8A84 /* DIContainer+MoviesUseCase.swift */,
			);
			path = Movies;
			sourceTree = "<group>";
		};
		EE13FB672B5AB55B005D8A84 /* WishList */ = {
			isa = PBXGroup;
			children = (
				EEEEB3B02B5D418700E9999B /* DIContainer+WishlistUseCase.swift */,
			);
			path = WishList;
			sourceTree = "<group>";
		};
		EE13FB682B5AB561005D8A84 /* Banner */ = {
			isa = PBXGroup;
			children = (
				EE13FBCA2B5BF22E005D8A84 /* DIContainer+BannerUseCase.swift */,
			);
			path = Banner;
			sourceTree = "<group>";
		};
		EE13FB692B5AB574005D8A84 /* Managers */ = {
			isa = PBXGroup;
			children = (
				EE13FB7F2B5AC971005D8A84 /* AuthManager.swift */,
				EE13FB812B5ACA08005D8A84 /* DataConfigurator.swift */,
				EE13FB872B5ACB39005D8A84 /* LoggerManager.swift */,
				EE13FB892B5ACBF4005D8A84 /* DesignSystemConfigurator.swift */,
				EE21EDB62B5E6B29008F64F6 /* UIInitializer.swift */,
			);
			path = Managers;
			sourceTree = "<group>";
		};
		EE13FB6A2B5AB57D005D8A84 /* Configs */ = {
			isa = PBXGroup;
			children = (
				EE13FB7B2B5AC718005D8A84 /* AppConfig.swift */,
				EE13FB7D2B5AC788005D8A84 /* APIConfig.swift */,
			);
			path = Configs;
			sourceTree = "<group>";
		};
		EE13FB6B2B5AB585005D8A84 /* Scenes */ = {
			isa = PBXGroup;
			children = (
				EE13FB972B5BC090005D8A84 /* Coordinators */,
				EE13FB712B5AB5C5005D8A84 /* TabBar */,
				EE13FB702B5AB5BD005D8A84 /* Home */,
				EE13FB6F2B5AB5B5005D8A84 /* Search */,
				EE13FB6E2B5AB5AF005D8A84 /* Category */,
				EE13FB6D2B5AB5A8005D8A84 /* Details */,
				EE13FB6C2B5AB5A1005D8A84 /* Wishlist */,
			);
			path = Scenes;
			sourceTree = "<group>";
		};
		EE13FB6C2B5AB5A1005D8A84 /* Wishlist */ = {
			isa = PBXGroup;
			children = (
				EE13FBA92B5BC467005D8A84 /* ViewModel */,
				EE13FBA82B5BC462005D8A84 /* View */,
				EE13FBAA2B5BC47B005D8A84 /* WishlistCoordinator.swift */,
			);
			path = Wishlist;
			sourceTree = "<group>";
		};
		EE13FB6D2B5AB5A8005D8A84 /* Details */ = {
			isa = PBXGroup;
			children = (
				EE1F843F2B5C12CE0022B48B /* ViewModel */,
				EE1F843C2B5C12980022B48B /* Views */,
				EE1F84442B5C732A0022B48B /* MovieDetailsCoordinator.swift */,
			);
			path = Details;
			sourceTree = "<group>";
		};
		EE13FB6E2B5AB5AF005D8A84 /* Category */ = {
			isa = PBXGroup;
			children = (
				EEEEB3A12B5D03D600E9999B /* ViewModel */,
				EEEEB3A02B5D03D000E9999B /* Views */,
				EEEEB3A22B5D03E500E9999B /* CategoryCoordinator.swift */,
			);
			path = Category;
			sourceTree = "<group>";
		};
		EE13FB6F2B5AB5B5005D8A84 /* Search */ = {
			isa = PBXGroup;
			children = (
				EE13FBA52B5BC429005D8A84 /* ViewModel */,
				EE13FBA42B5BC421005D8A84 /* Views */,
				EE13FBA62B5BC43C005D8A84 /* SearchCoordinator.swift */,
			);
			path = Search;
			sourceTree = "<group>";
		};
		EE13FB702B5AB5BD005D8A84 /* Home */ = {
			isa = PBXGroup;
			children = (
				EE13FBA32B5BC41A005D8A84 /* ViewModel */,
				EE13FBA22B5BC412005D8A84 /* Views */,
				EE13FBA02B5BC3EC005D8A84 /* HomeCoordinator.swift */,
			);
			path = Home;
			sourceTree = "<group>";
		};
		EE13FB712B5AB5C5005D8A84 /* TabBar */ = {
			isa = PBXGroup;
			children = (
				EE13FB772B5AC601005D8A84 /* TabBarItems.swift */,
			);
			path = TabBar;
			sourceTree = "<group>";
		};
		EE13FB722B5AC59C005D8A84 /* SubViews */ = {
			isa = PBXGroup;
			children = (
				EE13FB8D2B5AD2BE005D8A84 /* BannerView.swift */,
				EE13FB922B5AE23A005D8A84 /* HighlightsMoviesView.swift */,
				EE13FB8F2B5AD751005D8A84 /* HomeSectionView.swift */,
			);
			path = SubViews;
			sourceTree = "<group>";
		};
		EE13FB972B5BC090005D8A84 /* Coordinators */ = {
			isa = PBXGroup;
			children = (
				EE13FB9B2B5BC0D2005D8A84 /* MainTab */,
				EE13FB982B5BC0A3005D8A84 /* MainCoordinator */,
			);
			path = Coordinators;
			sourceTree = "<group>";
		};
		EE13FB982B5BC0A3005D8A84 /* MainCoordinator */ = {
			isa = PBXGroup;
			children = (
				EE13FB992B5BC0AD005D8A84 /* MainCoordinator.swift */,
			);
			path = MainCoordinator;
			sourceTree = "<group>";
		};
		EE13FB9B2B5BC0D2005D8A84 /* MainTab */ = {
			isa = PBXGroup;
			children = (
				EE13FB9C2B5BC0F1005D8A84 /* MainTabCoordinator.swift */,
				EE13FB9E2B5BC105005D8A84 /* MainCoordinator+Factory.swift */,
			);
			path = MainTab;
			sourceTree = "<group>";
		};
		EE13FBA22B5BC412005D8A84 /* Views */ = {
			isa = PBXGroup;
			children = (
				EE13FBB02B5BC872005D8A84 /* SectionsModels */,
				EE13FB722B5AC59C005D8A84 /* SubViews */,
				EEB87AAC2B5977C800660603 /* HomeView.swift */,
			);
			path = Views;
			sourceTree = "<group>";
		};
		EE13FBA32B5BC41A005D8A84 /* ViewModel */ = {
			isa = PBXGroup;
			children = (
				EE13FBAC2B5BC76B005D8A84 /* HomeViewModel.swift */,
				EE13FBAE2B5BC7C6005D8A84 /* HomeSectionsModel.swift */,
				EE13FBC52B5BD1C0005D8A84 /* HomeViewModel+Movies.swift */,
				EEEEB3B22B5D452500E9999B /* HomeViewModel+Wishlist.swift */,
			);
			path = ViewModel;
			sourceTree = "<group>";
		};
		EE13FBA42B5BC421005D8A84 /* Views */ = {
			isa = PBXGroup;
			children = (
				EE13FB732B5AC5B6005D8A84 /* SearchView.swift */,
			);
			path = Views;
			sourceTree = "<group>";
		};
		EE13FBA52B5BC429005D8A84 /* ViewModel */ = {
			isa = PBXGroup;
			children = (
				EEEEB3AE2B5D2D5100E9999B /* SearchViewModel.swift */,
			);
			path = ViewModel;
			sourceTree = "<group>";
		};
		EE13FBA82B5BC462005D8A84 /* View */ = {
			isa = PBXGroup;
			children = (
				EE13FB752B5AC5D5005D8A84 /* WishListView.swift */,
			);
			path = View;
			sourceTree = "<group>";
		};
		EE13FBA92B5BC467005D8A84 /* ViewModel */ = {
			isa = PBXGroup;
			children = (
				EEEEB3B42B5D493A00E9999B /* WishlistViewModel.swift */,
			);
			path = ViewModel;
			sourceTree = "<group>";
		};
		EE13FBB02B5BC872005D8A84 /* SectionsModels */ = {
			isa = PBXGroup;
			children = (
				EE13FBB12B5BC87D005D8A84 /* MovieCategory.swift */,
				EE13FBB32B5BC8AE005D8A84 /* HomeSectionViewModel.swift */,
				EE13FBB52B5BC9C3005D8A84 /* HighlightsMovie.swift */,
				EE13FBB72B5BCA4A005D8A84 /* BannerModel.swift */,
			);
			path = SectionsModels;
			sourceTree = "<group>";
		};
		EE13FBB92B5BCCD9005D8A84 /* Utilities */ = {
			isa = PBXGroup;
			children = (
				EE13FBC72B5BDBE5005D8A84 /* URL */,
				EE13FBBA2B5BCCEE005D8A84 /* ContentView */,
			);
			path = Utilities;
			sourceTree = "<group>";
		};
		EE13FBBA2B5BCCEE005D8A84 /* ContentView */ = {
			isa = PBXGroup;
			children = (
				EE13FBBB2B5BCCEE005D8A84 /* PublishedObject.swift */,
				EE13FBBC2B5BCCEE005D8A84 /* LoadingState.swift */,
				EE13FBBE2B5BCCEE005D8A84 /* LoadableObject.swift */,
				EE13FBBF2B5BCCEE005D8A84 /* ContentView.swift */,
			);
			path = ContentView;
			sourceTree = "<group>";
		};
		EE13FBC72B5BDBE5005D8A84 /* URL */ = {
			isa = PBXGroup;
			children = (
				EE13FBC82B5BDBFA005D8A84 /* MoviePosterURLBuilder.swift */,
				EE21EDB42B5DAC71008F64F6 /* OpenURL.swift */,
			);
			path = URL;
			sourceTree = "<group>";
		};
		EE1F843C2B5C12980022B48B /* Views */ = {
			isa = PBXGroup;
			children = (
				EE1F843A2B5C12950022B48B /* MovieDetailsView.swift */,
			);
			path = Views;
			sourceTree = "<group>";
		};
		EE1F843F2B5C12CE0022B48B /* ViewModel */ = {
			isa = PBXGroup;
			children = (
				EE1F843D2B5C12C80022B48B /* MovieDetailsViewModel.swift */,
				EE1F84402B5C71B10022B48B /* MovieDetailsModel.swift */,
				EE1F84422B5C72E30022B48B /* MovieDetailsViewModel+UseCaseExec.swift */,
			);
			path = ViewModel;
			sourceTree = "<group>";
		};
		EEB87A9E2B5977C800660603 = {
			isa = PBXGroup;
			children = (
				EEB87AA92B5977C800660603 /* iMovies */,
				EEB87ABC2B5977CA00660603 /* iMoviesTests */,
				EEB87AC62B5977CA00660603 /* iMoviesUITests */,
				EEB87AA82B5977C800660603 /* Products */,
			);
			sourceTree = "<group>";
		};
		EEB87AA82B5977C800660603 /* Products */ = {
			isa = PBXGroup;
			children = (
				EEB87AA72B5977C800660603 /* iMovies.app */,
				EEB87AB92B5977CA00660603 /* iMoviesTests.xctest */,
				EEB87AC32B5977CA00660603 /* iMoviesUITests.xctest */,
			);
			name = Products;
			sourceTree = "<group>";
		};
		EEB87AA92B5977C800660603 /* iMovies */ = {
			isa = PBXGroup;
			children = (
				EE13FB602B5AB50B005D8A84 /* App */,
				EEB87AB22B5977CA00660603 /* Preview Content */,
			);
			path = iMovies;
			sourceTree = "<group>";
		};
		EEB87AB22B5977CA00660603 /* Preview Content */ = {
			isa = PBXGroup;
			children = (
				EEB87AB32B5977CA00660603 /* Preview Assets.xcassets */,
			);
			path = "Preview Content";
			sourceTree = "<group>";
		};
		EEB87ABC2B5977CA00660603 /* iMoviesTests */ = {
			isa = PBXGroup;
			children = (
				EEB87ABD2B5977CA00660603 /* iMoviesTests.swift */,
			);
			path = iMoviesTests;
			sourceTree = "<group>";
		};
		EEB87AC62B5977CA00660603 /* iMoviesUITests */ = {
			isa = PBXGroup;
			children = (
				EEB87AC72B5977CA00660603 /* iMoviesUITests.swift */,
				EEB87AC92B5977CA00660603 /* iMoviesUITestsLaunchTests.swift */,
			);
			path = iMoviesUITests;
			sourceTree = "<group>";
		};
		EEEEB3A02B5D03D000E9999B /* Views */ = {
			isa = PBXGroup;
			children = (
				EEEEB3A42B5D03F000E9999B /* CategoryView.swift */,
			);
			path = Views;
			sourceTree = "<group>";
		};
		EEEEB3A12B5D03D600E9999B /* ViewModel */ = {
			isa = PBXGroup;
			children = (
				EEEEB3A62B5D046500E9999B /* CategoryViewModel.swift */,
				EEEEB3A82B5D060800E9999B /* MovieItemViewModel.swift */,
				EEEEB3AC2B5D0A0900E9999B /* MovieGenres.swift */,
			);
			path = ViewModel;
			sourceTree = "<group>";
		};
/* End PBXGroup section */

/* Begin PBXNativeTarget section */
		EEB87AA62B5977C800660603 /* iMovies */ = {
			isa = PBXNativeTarget;
			buildConfigurationList = EEB87ACD2B5977CA00660603 /* Build configuration list for PBXNativeTarget "iMovies" */;
			buildPhases = (
				EEB87AA32B5977C800660603 /* Sources */,
				EEB87AA42B5977C800660603 /* Frameworks */,
				EEB87AA52B5977C800660603 /* Resources */,
				EEB87AD62B5978B800660603 /* Run SwiftLint */,
			);
			buildRules = (
			);
			dependencies = (
			);
			name = iMovies;
			packageProductDependencies = (
				EEB87AD82B59930500660603 /* Core */,
				EEB87ADA2B59930500660603 /* DataPersistence */,
				EEB87ADC2B59930500660603 /* Logger */,
				EEB87ADE2B59930500660603 /* Networking */,
				EE13FB542B5A6721005D8A84 /* CoreDomain */,
				EE13FB562B5A6721005D8A84 /* MoviesDomain */,
				EE13FB592B5A672D005D8A84 /* ConfigData */,
				EE13FB5B2B5A672D005D8A84 /* MoviesData */,
				EE13FB5E2B5A677B005D8A84 /* DesignSystem */,
				EE13FB952B5BC076005D8A84 /* Stinsen */,
			);
			productName = iMovies;
			productReference = EEB87AA72B5977C800660603 /* iMovies.app */;
			productType = "com.apple.product-type.application";
		};
		EEB87AB82B5977CA00660603 /* iMoviesTests */ = {
			isa = PBXNativeTarget;
			buildConfigurationList = EEB87AD02B5977CA00660603 /* Build configuration list for PBXNativeTarget "iMoviesTests" */;
			buildPhases = (
				EEB87AB52B5977CA00660603 /* Sources */,
				EEB87AB62B5977CA00660603 /* Frameworks */,
				EEB87AB72B5977CA00660603 /* Resources */,
			);
			buildRules = (
			);
			dependencies = (
				EEB87ABB2B5977CA00660603 /* PBXTargetDependency */,
			);
			name = iMoviesTests;
			productName = iMoviesTests;
			productReference = EEB87AB92B5977CA00660603 /* iMoviesTests.xctest */;
			productType = "com.apple.product-type.bundle.unit-test";
		};
		EEB87AC22B5977CA00660603 /* iMoviesUITests */ = {
			isa = PBXNativeTarget;
			buildConfigurationList = EEB87AD32B5977CA00660603 /* Build configuration list for PBXNativeTarget "iMoviesUITests" */;
			buildPhases = (
				EEB87ABF2B5977CA00660603 /* Sources */,
				EEB87AC02B5977CA00660603 /* Frameworks */,
				EEB87AC12B5977CA00660603 /* Resources */,
			);
			buildRules = (
			);
			dependencies = (
				EEB87AC52B5977CA00660603 /* PBXTargetDependency */,
			);
			name = iMoviesUITests;
			productName = iMoviesUITests;
			productReference = EEB87AC32B5977CA00660603 /* iMoviesUITests.xctest */;
			productType = "com.apple.product-type.bundle.ui-testing";
		};
/* End PBXNativeTarget section */

/* Begin PBXProject section */
		EEB87A9F2B5977C800660603 /* Project object */ = {
			isa = PBXProject;
			attributes = {
				BuildIndependentTargetsInParallel = 1;
				LastSwiftUpdateCheck = 1510;
				LastUpgradeCheck = 1510;
				TargetAttributes = {
					EEB87AA62B5977C800660603 = {
						CreatedOnToolsVersion = 15.1;
					};
					EEB87AB82B5977CA00660603 = {
						CreatedOnToolsVersion = 15.1;
						TestTargetID = EEB87AA62B5977C800660603;
					};
					EEB87AC22B5977CA00660603 = {
						CreatedOnToolsVersion = 15.1;
						TestTargetID = EEB87AA62B5977C800660603;
					};
				};
			};
			buildConfigurationList = EEB87AA22B5977C800660603 /* Build configuration list for PBXProject "iMovies" */;
			compatibilityVersion = "Xcode 14.0";
			developmentRegion = en;
			hasScannedForEncodings = 0;
			knownRegions = (
				en,
				Base,
			);
			mainGroup = EEB87A9E2B5977C800660603;
			packageReferences = (
				EEB87AD72B59930500660603 /* XCLocalSwiftPackageReference "Core" */,
				EE13FB532B5A6721005D8A84 /* XCLocalSwiftPackageReference "Domain" */,
				EE13FB582B5A672D005D8A84 /* XCLocalSwiftPackageReference "Data" */,
				EE13FB5D2B5A677B005D8A84 /* XCLocalSwiftPackageReference "DesignSystem" */,
				EE13FB942B5BC076005D8A84 /* XCRemoteSwiftPackageReference "stinsen" */,
			);
			productRefGroup = EEB87AA82B5977C800660603 /* Products */;
			projectDirPath = "";
			projectRoot = "";
			targets = (
				EEB87AA62B5977C800660603 /* iMovies */,
				EEB87AB82B5977CA00660603 /* iMoviesTests */,
				EEB87AC22B5977CA00660603 /* iMoviesUITests */,
			);
		};
/* End PBXProject section */

/* Begin PBXResourcesBuildPhase section */
		EEB87AA52B5977C800660603 /* Resources */ = {
			isa = PBXResourcesBuildPhase;
			buildActionMask = 2147483647;
			files = (
				EEB87AB42B5977CA00660603 /* Preview Assets.xcassets in Resources */,
				EEB87AB12B5977CA00660603 /* Assets.xcassets in Resources */,
			);
			runOnlyForDeploymentPostprocessing = 0;
		};
		EEB87AB72B5977CA00660603 /* Resources */ = {
			isa = PBXResourcesBuildPhase;
			buildActionMask = 2147483647;
			files = (
			);
			runOnlyForDeploymentPostprocessing = 0;
		};
		EEB87AC12B5977CA00660603 /* Resources */ = {
			isa = PBXResourcesBuildPhase;
			buildActionMask = 2147483647;
			files = (
			);
			runOnlyForDeploymentPostprocessing = 0;
		};
/* End PBXResourcesBuildPhase section */

/* Begin PBXShellScriptBuildPhase section */
		EEB87AD62B5978B800660603 /* Run SwiftLint */ = {
			isa = PBXShellScriptBuildPhase;
			alwaysOutOfDate = 1;
			buildActionMask = 12;
			files = (
			);
			inputFileListPaths = (
			);
			inputPaths = (
			);
			name = "Run SwiftLint";
			outputFileListPaths = (
			);
			outputPaths = (
			);
			runOnlyForDeploymentPostprocessing = 0;
			shellPath = /bin/sh;
			shellScript = "export PATH=\"$PATH:/opt/homebrew/bin\"\nif which swiftlint; then\n  swiftlint\nelse\n echo \"warning: SwiftLint not installed, download from https://github.com/realm/SwiftLint\"\nfi\n";
		};
/* End PBXShellScriptBuildPhase section */

/* Begin PBXSourcesBuildPhase section */
		EEB87AA32B5977C800660603 /* Sources */ = {
			isa = PBXSourcesBuildPhase;
			buildActionMask = 2147483647;
			files = (
				EEB87AAD2B5977C800660603 /* HomeView.swift in Sources */,
				EE13FBAF2B5BC7C6005D8A84 /* HomeSectionsModel.swift in Sources */,
				EE13FB842B5ACA29005D8A84 /* DIContainer.swift in Sources */,
				EE13FBB42B5BC8AE005D8A84 /* HomeSectionViewModel.swift in Sources */,
				EE13FB862B5ACA66005D8A84 /* DIContainer+Networking.swift in Sources */,
				EE13FB9D2B5BC0F1005D8A84 /* MainTabCoordinator.swift in Sources */,
				EE13FBC12B5BCCEE005D8A84 /* LoadingState.swift in Sources */,
				EE1F84452B5C732A0022B48B /* MovieDetailsCoordinator.swift in Sources */,
				EE13FB802B5AC971005D8A84 /* AuthManager.swift in Sources */,
				EE13FBB62B5BC9C3005D8A84 /* HighlightsMovie.swift in Sources */,
				EE13FBCB2B5BF22E005D8A84 /* DIContainer+BannerUseCase.swift in Sources */,
				EE13FB742B5AC5B6005D8A84 /* SearchView.swift in Sources */,
				EE13FB8C2B5ACE2D005D8A84 /* DIContainer+MoviesUseCase.swift in Sources */,
				EE13FBB22B5BC87D005D8A84 /* MovieCategory.swift in Sources */,
				EE1F84432B5C72E30022B48B /* MovieDetailsViewModel+UseCaseExec.swift in Sources */,
				EE13FB7E2B5AC788005D8A84 /* APIConfig.swift in Sources */,
				EE13FB782B5AC601005D8A84 /* TabBarItems.swift in Sources */,
				EE13FB902B5AD751005D8A84 /* HomeSectionView.swift in Sources */,
				EE13FB8A2B5ACBF4005D8A84 /* DesignSystemConfigurator.swift in Sources */,
				EEEEB3AD2B5D0A0900E9999B /* MovieGenres.swift in Sources */,
				EE13FB7C2B5AC718005D8A84 /* AppConfig.swift in Sources */,
				EEEEB3B12B5D418700E9999B /* DIContainer+WishlistUseCase.swift in Sources */,
				EE13FBA72B5BC43C005D8A84 /* SearchCoordinator.swift in Sources */,
				EE13FB882B5ACB39005D8A84 /* LoggerManager.swift in Sources */,
				EEB87AAB2B5977C800660603 /* iMoviesApp.swift in Sources */,
				EE1F84412B5C71B10022B48B /* MovieDetailsModel.swift in Sources */,
				EEEEB3B32B5D452500E9999B /* HomeViewModel+Wishlist.swift in Sources */,
				EEEEB3A32B5D03E500E9999B /* CategoryCoordinator.swift in Sources */,
				EE1F843B2B5C12950022B48B /* MovieDetailsView.swift in Sources */,
				EE13FBB82B5BCA4A005D8A84 /* BannerModel.swift in Sources */,
				EEEEB3AF2B5D2D5100E9999B /* SearchViewModel.swift in Sources */,
				EEEEB3B52B5D493A00E9999B /* WishlistViewModel.swift in Sources */,
				EE13FBAB2B5BC47B005D8A84 /* WishlistCoordinator.swift in Sources */,
				EE13FBC02B5BCCEE005D8A84 /* PublishedObject.swift in Sources */,
				EE13FBC42B5BCCEE005D8A84 /* ContentView.swift in Sources */,
				EE1F843E2B5C12C80022B48B /* MovieDetailsViewModel.swift in Sources */,
				EE13FB9F2B5BC105005D8A84 /* MainCoordinator+Factory.swift in Sources */,
				EE13FBC62B5BD1C0005D8A84 /* HomeViewModel+Movies.swift in Sources */,
				EE21EDB52B5DAC71008F64F6 /* OpenURL.swift in Sources */,
				EEEEB3A92B5D060800E9999B /* MovieItemViewModel.swift in Sources */,
				EE13FB8E2B5AD2BE005D8A84 /* BannerView.swift in Sources */,
				EE13FB9A2B5BC0AD005D8A84 /* MainCoordinator.swift in Sources */,
				EEEEB3A52B5D03F000E9999B /* CategoryView.swift in Sources */,
				EEEEB3A72B5D046500E9999B /* CategoryViewModel.swift in Sources */,
				EE13FBAD2B5BC76B005D8A84 /* HomeViewModel.swift in Sources */,
				EE13FB822B5ACA08005D8A84 /* DataConfigurator.swift in Sources */,
				EE13FB932B5AE23A005D8A84 /* HighlightsMoviesView.swift in Sources */,
				EE13FB762B5AC5D5005D8A84 /* WishListView.swift in Sources */,
				EE21EDB72B5E6B29008F64F6 /* UIInitializer.swift in Sources */,
				EE13FBC92B5BDBFA005D8A84 /* MoviePosterURLBuilder.swift in Sources */,
				EE13FBA12B5BC3EC005D8A84 /* HomeCoordinator.swift in Sources */,
				EE13FBC32B5BCCEE005D8A84 /* LoadableObject.swift in Sources */,
			);
			runOnlyForDeploymentPostprocessing = 0;
		};
		EEB87AB52B5977CA00660603 /* Sources */ = {
			isa = PBXSourcesBuildPhase;
			buildActionMask = 2147483647;
			files = (
				EEB87ABE2B5977CA00660603 /* iMoviesTests.swift in Sources */,
			);
			runOnlyForDeploymentPostprocessing = 0;
		};
		EEB87ABF2B5977CA00660603 /* Sources */ = {
			isa = PBXSourcesBuildPhase;
			buildActionMask = 2147483647;
			files = (
				EEB87AC82B5977CA00660603 /* iMoviesUITests.swift in Sources */,
				EEB87ACA2B5977CA00660603 /* iMoviesUITestsLaunchTests.swift in Sources */,
			);
			runOnlyForDeploymentPostprocessing = 0;
		};
/* End PBXSourcesBuildPhase section */

/* Begin PBXTargetDependency section */
		EEB87ABB2B5977CA00660603 /* PBXTargetDependency */ = {
			isa = PBXTargetDependency;
			target = EEB87AA62B5977C800660603 /* iMovies */;
			targetProxy = EEB87ABA2B5977CA00660603 /* PBXContainerItemProxy */;
		};
		EEB87AC52B5977CA00660603 /* PBXTargetDependency */ = {
			isa = PBXTargetDependency;
			target = EEB87AA62B5977C800660603 /* iMovies */;
			targetProxy = EEB87AC42B5977CA00660603 /* PBXContainerItemProxy */;
		};
/* End PBXTargetDependency section */

/* Begin XCBuildConfiguration section */
		EEB87ACB2B5977CA00660603 /* Debug */ = {
			isa = XCBuildConfiguration;
			buildSettings = {
				ALWAYS_SEARCH_USER_PATHS = NO;
				ASSETCATALOG_COMPILER_GENERATE_SWIFT_ASSET_SYMBOL_EXTENSIONS = YES;
				CLANG_ANALYZER_NONNULL = YES;
				CLANG_ANALYZER_NUMBER_OBJECT_CONVERSION = YES_AGGRESSIVE;
				CLANG_CXX_LANGUAGE_STANDARD = "gnu++20";
				CLANG_ENABLE_MODULES = YES;
				CLANG_ENABLE_OBJC_ARC = YES;
				CLANG_ENABLE_OBJC_WEAK = YES;
				CLANG_WARN_BLOCK_CAPTURE_AUTORELEASING = YES;
				CLANG_WARN_BOOL_CONVERSION = YES;
				CLANG_WARN_COMMA = YES;
				CLANG_WARN_CONSTANT_CONVERSION = YES;
				CLANG_WARN_DEPRECATED_OBJC_IMPLEMENTATIONS = YES;
				CLANG_WARN_DIRECT_OBJC_ISA_USAGE = YES_ERROR;
				CLANG_WARN_DOCUMENTATION_COMMENTS = YES;
				CLANG_WARN_EMPTY_BODY = YES;
				CLANG_WARN_ENUM_CONVERSION = YES;
				CLANG_WARN_INFINITE_RECURSION = YES;
				CLANG_WARN_INT_CONVERSION = YES;
				CLANG_WARN_NON_LITERAL_NULL_CONVERSION = YES;
				CLANG_WARN_OBJC_IMPLICIT_RETAIN_SELF = YES;
				CLANG_WARN_OBJC_LITERAL_CONVERSION = YES;
				CLANG_WARN_OBJC_ROOT_CLASS = YES_ERROR;
				CLANG_WARN_QUOTED_INCLUDE_IN_FRAMEWORK_HEADER = YES;
				CLANG_WARN_RANGE_LOOP_ANALYSIS = YES;
				CLANG_WARN_STRICT_PROTOTYPES = YES;
				CLANG_WARN_SUSPICIOUS_MOVE = YES;
				CLANG_WARN_UNGUARDED_AVAILABILITY = YES_AGGRESSIVE;
				CLANG_WARN_UNREACHABLE_CODE = YES;
				CLANG_WARN__DUPLICATE_METHOD_MATCH = YES;
				COPY_PHASE_STRIP = NO;
				DEBUG_INFORMATION_FORMAT = dwarf;
				ENABLE_STRICT_OBJC_MSGSEND = YES;
				ENABLE_TESTABILITY = YES;
				ENABLE_USER_SCRIPT_SANDBOXING = YES;
				GCC_C_LANGUAGE_STANDARD = gnu17;
				GCC_DYNAMIC_NO_PIC = NO;
				GCC_NO_COMMON_BLOCKS = YES;
				GCC_OPTIMIZATION_LEVEL = 0;
				GCC_PREPROCESSOR_DEFINITIONS = (
					"DEBUG=1",
					"$(inherited)",
				);
				GCC_WARN_64_TO_32_BIT_CONVERSION = YES;
				GCC_WARN_ABOUT_RETURN_TYPE = YES_ERROR;
				GCC_WARN_UNDECLARED_SELECTOR = YES;
				GCC_WARN_UNINITIALIZED_AUTOS = YES_AGGRESSIVE;
				GCC_WARN_UNUSED_FUNCTION = YES;
				GCC_WARN_UNUSED_VARIABLE = YES;
				IPHONEOS_DEPLOYMENT_TARGET = 17.2;
				LOCALIZATION_PREFERS_STRING_CATALOGS = YES;
				MTL_ENABLE_DEBUG_INFO = INCLUDE_SOURCE;
				MTL_FAST_MATH = YES;
				ONLY_ACTIVE_ARCH = YES;
				SDKROOT = iphoneos;
				SWIFT_ACTIVE_COMPILATION_CONDITIONS = "DEBUG $(inherited)";
				SWIFT_OPTIMIZATION_LEVEL = "-Onone";
			};
			name = Debug;
		};
		EEB87ACC2B5977CA00660603 /* Release */ = {
			isa = XCBuildConfiguration;
			buildSettings = {
				ALWAYS_SEARCH_USER_PATHS = NO;
				ASSETCATALOG_COMPILER_GENERATE_SWIFT_ASSET_SYMBOL_EXTENSIONS = YES;
				CLANG_ANALYZER_NONNULL = YES;
				CLANG_ANALYZER_NUMBER_OBJECT_CONVERSION = YES_AGGRESSIVE;
				CLANG_CXX_LANGUAGE_STANDARD = "gnu++20";
				CLANG_ENABLE_MODULES = YES;
				CLANG_ENABLE_OBJC_ARC = YES;
				CLANG_ENABLE_OBJC_WEAK = YES;
				CLANG_WARN_BLOCK_CAPTURE_AUTORELEASING = YES;
				CLANG_WARN_BOOL_CONVERSION = YES;
				CLANG_WARN_COMMA = YES;
				CLANG_WARN_CONSTANT_CONVERSION = YES;
				CLANG_WARN_DEPRECATED_OBJC_IMPLEMENTATIONS = YES;
				CLANG_WARN_DIRECT_OBJC_ISA_USAGE = YES_ERROR;
				CLANG_WARN_DOCUMENTATION_COMMENTS = YES;
				CLANG_WARN_EMPTY_BODY = YES;
				CLANG_WARN_ENUM_CONVERSION = YES;
				CLANG_WARN_INFINITE_RECURSION = YES;
				CLANG_WARN_INT_CONVERSION = YES;
				CLANG_WARN_NON_LITERAL_NULL_CONVERSION = YES;
				CLANG_WARN_OBJC_IMPLICIT_RETAIN_SELF = YES;
				CLANG_WARN_OBJC_LITERAL_CONVERSION = YES;
				CLANG_WARN_OBJC_ROOT_CLASS = YES_ERROR;
				CLANG_WARN_QUOTED_INCLUDE_IN_FRAMEWORK_HEADER = YES;
				CLANG_WARN_RANGE_LOOP_ANALYSIS = YES;
				CLANG_WARN_STRICT_PROTOTYPES = YES;
				CLANG_WARN_SUSPICIOUS_MOVE = YES;
				CLANG_WARN_UNGUARDED_AVAILABILITY = YES_AGGRESSIVE;
				CLANG_WARN_UNREACHABLE_CODE = YES;
				CLANG_WARN__DUPLICATE_METHOD_MATCH = YES;
				COPY_PHASE_STRIP = NO;
				DEBUG_INFORMATION_FORMAT = "dwarf-with-dsym";
				ENABLE_NS_ASSERTIONS = NO;
				ENABLE_STRICT_OBJC_MSGSEND = YES;
				ENABLE_USER_SCRIPT_SANDBOXING = YES;
				GCC_C_LANGUAGE_STANDARD = gnu17;
				GCC_NO_COMMON_BLOCKS = YES;
				GCC_WARN_64_TO_32_BIT_CONVERSION = YES;
				GCC_WARN_ABOUT_RETURN_TYPE = YES_ERROR;
				GCC_WARN_UNDECLARED_SELECTOR = YES;
				GCC_WARN_UNINITIALIZED_AUTOS = YES_AGGRESSIVE;
				GCC_WARN_UNUSED_FUNCTION = YES;
				GCC_WARN_UNUSED_VARIABLE = YES;
				IPHONEOS_DEPLOYMENT_TARGET = 17.2;
				LOCALIZATION_PREFERS_STRING_CATALOGS = YES;
				MTL_ENABLE_DEBUG_INFO = NO;
				MTL_FAST_MATH = YES;
				SDKROOT = iphoneos;
				SWIFT_COMPILATION_MODE = wholemodule;
				VALIDATE_PRODUCT = YES;
			};
			name = Release;
		};
		EEB87ACE2B5977CA00660603 /* Debug */ = {
			isa = XCBuildConfiguration;
			buildSettings = {
				ASSETCATALOG_COMPILER_APPICON_NAME = AppIcon;
				ASSETCATALOG_COMPILER_GLOBAL_ACCENT_COLOR_NAME = AccentColor;
				CODE_SIGN_STYLE = Automatic;
				CURRENT_PROJECT_VERSION = 1;
				DEVELOPMENT_ASSET_PATHS = "\"iMovies/Preview Content\"";
				DEVELOPMENT_TEAM = DFNSBDN8ZP;
				ENABLE_PREVIEWS = YES;
				ENABLE_USER_SCRIPT_SANDBOXING = NO;
				GENERATE_INFOPLIST_FILE = YES;
				INFOPLIST_KEY_UIApplicationSceneManifest_Generation = YES;
				INFOPLIST_KEY_UIApplicationSupportsIndirectInputEvents = YES;
				INFOPLIST_KEY_UILaunchScreen_Generation = YES;
				INFOPLIST_KEY_UISupportedInterfaceOrientations_iPad = "UIInterfaceOrientationPortrait UIInterfaceOrientationPortraitUpsideDown UIInterfaceOrientationLandscapeLeft UIInterfaceOrientationLandscapeRight";
				INFOPLIST_KEY_UISupportedInterfaceOrientations_iPhone = "UIInterfaceOrientationPortrait UIInterfaceOrientationLandscapeLeft UIInterfaceOrientationLandscapeRight";
				LD_RUNPATH_SEARCH_PATHS = (
					"$(inherited)",
					"@executable_path/Frameworks",
				);
				MARKETING_VERSION = 1.0;
				PRODUCT_BUNDLE_IDENTIFIER = com.taha.iMovies;
				PRODUCT_NAME = "$(TARGET_NAME)";
				SWIFT_EMIT_LOC_STRINGS = YES;
				SWIFT_VERSION = 5.0;
				TARGETED_DEVICE_FAMILY = "1,2";
			};
			name = Debug;
		};
		EEB87ACF2B5977CA00660603 /* Release */ = {
			isa = XCBuildConfiguration;
			buildSettings = {
				ASSETCATALOG_COMPILER_APPICON_NAME = AppIcon;
				ASSETCATALOG_COMPILER_GLOBAL_ACCENT_COLOR_NAME = AccentColor;
				CODE_SIGN_STYLE = Automatic;
				CURRENT_PROJECT_VERSION = 1;
				DEVELOPMENT_ASSET_PATHS = "\"iMovies/Preview Content\"";
				DEVELOPMENT_TEAM = DFNSBDN8ZP;
				ENABLE_PREVIEWS = YES;
				ENABLE_USER_SCRIPT_SANDBOXING = NO;
				GENERATE_INFOPLIST_FILE = YES;
				INFOPLIST_KEY_UIApplicationSceneManifest_Generation = YES;
				INFOPLIST_KEY_UIApplicationSupportsIndirectInputEvents = YES;
				INFOPLIST_KEY_UILaunchScreen_Generation = YES;
				INFOPLIST_KEY_UISupportedInterfaceOrientations_iPad = "UIInterfaceOrientationPortrait UIInterfaceOrientationPortraitUpsideDown UIInterfaceOrientationLandscapeLeft UIInterfaceOrientationLandscapeRight";
				INFOPLIST_KEY_UISupportedInterfaceOrientations_iPhone = "UIInterfaceOrientationPortrait UIInterfaceOrientationLandscapeLeft UIInterfaceOrientationLandscapeRight";
				LD_RUNPATH_SEARCH_PATHS = (
					"$(inherited)",
					"@executable_path/Frameworks",
				);
				MARKETING_VERSION = 1.0;
				PRODUCT_BUNDLE_IDENTIFIER = com.taha.iMovies;
				PRODUCT_NAME = "$(TARGET_NAME)";
				SWIFT_EMIT_LOC_STRINGS = YES;
				SWIFT_VERSION = 5.0;
				TARGETED_DEVICE_FAMILY = "1,2";
			};
			name = Release;
		};
		EEB87AD12B5977CA00660603 /* Debug */ = {
			isa = XCBuildConfiguration;
			buildSettings = {
				ALWAYS_EMBED_SWIFT_STANDARD_LIBRARIES = YES;
				BUNDLE_LOADER = "$(TEST_HOST)";
				CODE_SIGN_STYLE = Automatic;
				CURRENT_PROJECT_VERSION = 1;
				DEVELOPMENT_TEAM = DFNSBDN8ZP;
				GENERATE_INFOPLIST_FILE = YES;
				IPHONEOS_DEPLOYMENT_TARGET = 17.2;
				MARKETING_VERSION = 1.0;
				PRODUCT_BUNDLE_IDENTIFIER = com.taha.iMoviesTests;
				PRODUCT_NAME = "$(TARGET_NAME)";
				SWIFT_EMIT_LOC_STRINGS = NO;
				SWIFT_VERSION = 5.0;
				TARGETED_DEVICE_FAMILY = "1,2";
				TEST_HOST = "$(BUILT_PRODUCTS_DIR)/iMovies.app/$(BUNDLE_EXECUTABLE_FOLDER_PATH)/iMovies";
			};
			name = Debug;
		};
		EEB87AD22B5977CA00660603 /* Release */ = {
			isa = XCBuildConfiguration;
			buildSettings = {
				ALWAYS_EMBED_SWIFT_STANDARD_LIBRARIES = YES;
				BUNDLE_LOADER = "$(TEST_HOST)";
				CODE_SIGN_STYLE = Automatic;
				CURRENT_PROJECT_VERSION = 1;
				DEVELOPMENT_TEAM = DFNSBDN8ZP;
				GENERATE_INFOPLIST_FILE = YES;
				IPHONEOS_DEPLOYMENT_TARGET = 17.2;
				MARKETING_VERSION = 1.0;
				PRODUCT_BUNDLE_IDENTIFIER = com.taha.iMoviesTests;
				PRODUCT_NAME = "$(TARGET_NAME)";
				SWIFT_EMIT_LOC_STRINGS = NO;
				SWIFT_VERSION = 5.0;
				TARGETED_DEVICE_FAMILY = "1,2";
				TEST_HOST = "$(BUILT_PRODUCTS_DIR)/iMovies.app/$(BUNDLE_EXECUTABLE_FOLDER_PATH)/iMovies";
			};
			name = Release;
		};
		EEB87AD42B5977CA00660603 /* Debug */ = {
			isa = XCBuildConfiguration;
			buildSettings = {
				ALWAYS_EMBED_SWIFT_STANDARD_LIBRARIES = YES;
				CODE_SIGN_STYLE = Automatic;
				CURRENT_PROJECT_VERSION = 1;
				DEVELOPMENT_TEAM = DFNSBDN8ZP;
				GENERATE_INFOPLIST_FILE = YES;
				MARKETING_VERSION = 1.0;
				PRODUCT_BUNDLE_IDENTIFIER = com.taha.iMoviesUITests;
				PRODUCT_NAME = "$(TARGET_NAME)";
				SWIFT_EMIT_LOC_STRINGS = NO;
				SWIFT_VERSION = 5.0;
				TARGETED_DEVICE_FAMILY = "1,2";
				TEST_TARGET_NAME = iMovies;
			};
			name = Debug;
		};
		EEB87AD52B5977CA00660603 /* Release */ = {
			isa = XCBuildConfiguration;
			buildSettings = {
				ALWAYS_EMBED_SWIFT_STANDARD_LIBRARIES = YES;
				CODE_SIGN_STYLE = Automatic;
				CURRENT_PROJECT_VERSION = 1;
				DEVELOPMENT_TEAM = DFNSBDN8ZP;
				GENERATE_INFOPLIST_FILE = YES;
				MARKETING_VERSION = 1.0;
				PRODUCT_BUNDLE_IDENTIFIER = com.taha.iMoviesUITests;
				PRODUCT_NAME = "$(TARGET_NAME)";
				SWIFT_EMIT_LOC_STRINGS = NO;
				SWIFT_VERSION = 5.0;
				TARGETED_DEVICE_FAMILY = "1,2";
				TEST_TARGET_NAME = iMovies;
			};
			name = Release;
		};
/* End XCBuildConfiguration section */

/* Begin XCConfigurationList section */
		EEB87AA22B5977C800660603 /* Build configuration list for PBXProject "iMovies" */ = {
			isa = XCConfigurationList;
			buildConfigurations = (
				EEB87ACB2B5977CA00660603 /* Debug */,
				EEB87ACC2B5977CA00660603 /* Release */,
			);
			defaultConfigurationIsVisible = 0;
			defaultConfigurationName = Release;
		};
		EEB87ACD2B5977CA00660603 /* Build configuration list for PBXNativeTarget "iMovies" */ = {
			isa = XCConfigurationList;
			buildConfigurations = (
				EEB87ACE2B5977CA00660603 /* Debug */,
				EEB87ACF2B5977CA00660603 /* Release */,
			);
			defaultConfigurationIsVisible = 0;
			defaultConfigurationName = Release;
		};
		EEB87AD02B5977CA00660603 /* Build configuration list for PBXNativeTarget "iMoviesTests" */ = {
			isa = XCConfigurationList;
			buildConfigurations = (
				EEB87AD12B5977CA00660603 /* Debug */,
				EEB87AD22B5977CA00660603 /* Release */,
			);
			defaultConfigurationIsVisible = 0;
			defaultConfigurationName = Release;
		};
		EEB87AD32B5977CA00660603 /* Build configuration list for PBXNativeTarget "iMoviesUITests" */ = {
			isa = XCConfigurationList;
			buildConfigurations = (
				EEB87AD42B5977CA00660603 /* Debug */,
				EEB87AD52B5977CA00660603 /* Release */,
			);
			defaultConfigurationIsVisible = 0;
			defaultConfigurationName = Release;
		};
/* End XCConfigurationList section */

/* Begin XCLocalSwiftPackageReference section */
		EE13FB532B5A6721005D8A84 /* XCLocalSwiftPackageReference "Domain" */ = {
			isa = XCLocalSwiftPackageReference;
			relativePath = Domain;
		};
		EE13FB582B5A672D005D8A84 /* XCLocalSwiftPackageReference "Data" */ = {
			isa = XCLocalSwiftPackageReference;
			relativePath = Data;
		};
		EE13FB5D2B5A677B005D8A84 /* XCLocalSwiftPackageReference "DesignSystem" */ = {
			isa = XCLocalSwiftPackageReference;
			relativePath = DesignSystem;
		};
		EEB87AD72B59930500660603 /* XCLocalSwiftPackageReference "Core" */ = {
			isa = XCLocalSwiftPackageReference;
			relativePath = Core;
		};
/* End XCLocalSwiftPackageReference section */

/* Begin XCRemoteSwiftPackageReference section */
		EE13FB942B5BC076005D8A84 /* XCRemoteSwiftPackageReference "stinsen" */ = {
			isa = XCRemoteSwiftPackageReference;
			repositoryURL = "git@github.com:rundfunk47/stinsen.git";
			requirement = {
				kind = upToNextMajorVersion;
				minimumVersion = 2.0.13;
			};
		};
/* End XCRemoteSwiftPackageReference section */

/* Begin XCSwiftPackageProductDependency section */
		EE13FB542B5A6721005D8A84 /* CoreDomain */ = {
			isa = XCSwiftPackageProductDependency;
			productName = CoreDomain;
		};
		EE13FB562B5A6721005D8A84 /* MoviesDomain */ = {
			isa = XCSwiftPackageProductDependency;
			productName = MoviesDomain;
		};
		EE13FB592B5A672D005D8A84 /* ConfigData */ = {
			isa = XCSwiftPackageProductDependency;
			productName = ConfigData;
		};
		EE13FB5B2B5A672D005D8A84 /* MoviesData */ = {
			isa = XCSwiftPackageProductDependency;
			productName = MoviesData;
		};
		EE13FB5E2B5A677B005D8A84 /* DesignSystem */ = {
			isa = XCSwiftPackageProductDependency;
			productName = DesignSystem;
		};
		EE13FB952B5BC076005D8A84 /* Stinsen */ = {
			isa = XCSwiftPackageProductDependency;
			package = EE13FB942B5BC076005D8A84 /* XCRemoteSwiftPackageReference "stinsen" */;
			productName = Stinsen;
		};
		EEB87AD82B59930500660603 /* Core */ = {
			isa = XCSwiftPackageProductDependency;
			productName = Core;
		};
		EEB87ADA2B59930500660603 /* DataPersistence */ = {
			isa = XCSwiftPackageProductDependency;
			productName = DataPersistence;
		};
		EEB87ADC2B59930500660603 /* Logger */ = {
			isa = XCSwiftPackageProductDependency;
			productName = Logger;
		};
		EEB87ADE2B59930500660603 /* Networking */ = {
			isa = XCSwiftPackageProductDependency;
			productName = Networking;
		};
/* End XCSwiftPackageProductDependency section */
	};
	rootObject = EEB87A9F2B5977C800660603 /* Project object */;
}
